
Microsoft Visual Studio Solution File, Format Version 12.00
# Visual Studio 15
VisualStudioVersion = 15.0.26124.0
MinimumVisualStudioVersion = 15.0.26124.0
Project("{9A19103F-16F7-4668-BE54-9A1E7A4F7556}") = "CricketApp.Domain", "CricektApp.Domain\CricketApp.Domain.csproj", "{02A8BD55-30A6-4DCA-8084-9B474D153C47}"
EndProject
Project("{9A19103F-16F7-4668-BE54-9A1E7A4F7556}") = "CricketApp.Data", "CricketApp.Data\CricketApp.Data.csproj", "{DC5DAE18-6B7D-4876-A894-A79EE42E7F61}"
EndProject
Project("{9A19103F-16F7-4668-BE54-9A1E7A4F7556}") = "WebApp", "WebApp\WebApp.csproj", "{998B5607-0518-4065-8121-4DD55A4B042E}"
EndProject
Global
	GlobalSection(SolutionConfigurationPlatforms) = preSolution
		Debug|Any CPU = Debug|Any CPU
		Release|Any CPU = Release|Any CPU
	EndGlobalSection
	GlobalSection(ProjectConfigurationPlatforms) = postSolution
		{02A8BD55-30A6-4DCA-8084-9B474D153C47}.Debug|Any CPU.ActiveCfg = Debug|Any CPU
		{02A8BD55-30A6-4DCA-8084-9B474D153C47}.Debug|Any CPU.Build.0 = Debug|Any CPU
		{02A8BD55-30A6-4DCA-8084-9B474D153C47}.Release|Any CPU.ActiveCfg = Release|Any CPU
		{02A8BD55-30A6-4DCA-8084-9B474D153C47}.Release|Any CPU.Build.0 = Release|Any CPU
		{DC5DAE18-6B7D-4876-A894-A79EE42E7F61}.Debug|Any CPU.ActiveCfg = Debug|Any CPU
		{DC5DAE18-6B7D-4876-A894-A79EE42E7F61}.Debug|Any CPU.Build.0 = Debug|Any CPU
		{DC5DAE18-6B7D-4876-A894-A79EE42E7F61}.Release|Any CPU.ActiveCfg = Release|Any CPU
		{DC5DAE18-6B7D-4876-A894-A79EE42E7F61}.Release|Any CPU.Build.0 = Release|Any CPU
		{998B5607-0518-4065-8121-4DD55A4B042E}.Debug|Any CPU.ActiveCfg = Debug|Any CPU
		{998B5607-0518-4065-8121-4DD55A4B042E}.Debug|Any CPU.Build.0 = Debug|Any CPU
		{998B5607-0518-4065-8121-4DD55A4B042E}.Release|Any CPU.ActiveCfg = Release|Any CPU
		{998B5607-0518-4065-8121-4DD55A4B042E}.Release|Any CPU.Build.0 = Release|Any CPU
	EndGlobalSection
	GlobalSection(SolutionProperties) = preSolution
		HideSolutionNode = FALSE
	EndGlobalSection
	GlobalSection(ExtensibilityGlobals) = postSolution
		SolutionGuid = {15474E38-356F-49C2-AAD9-8DA7BC5AA52A}
	EndGlobalSection
EndGlobal
