
Microsoft Visual Studio Solution File, Format Version 12.00
# Visual Studio 15
VisualStudioVersion = 15.0.27130.2027
MinimumVisualStudioVersion = 10.0.40219.1
Project("{9A19103F-16F7-4668-BE54-9A1E7A4F7556}") = "CricketApp.Data", "CricketApp.Data\CricketApp.Data.csproj", "{22967C5B-FDFC-4333-A9BA-4CCEAC421C67}"
EndProject
Project("{9A19103F-16F7-4668-BE54-9A1E7A4F7556}") = "CricketApp.Domain", "CricektApp.Domain\CricketApp.Domain.csproj", "{E1E68B25-69ED-4793-9A19-17BACF69CAB1}"
EndProject
Project("{9A19103F-16F7-4668-BE54-9A1E7A4F7556}") = "SomeUI", "SomeUI\SomeUI.csproj", "{E2BDAACF-8012-46A3-954B-20FB686CF4F5}"
EndProject
Project("{9A19103F-16F7-4668-BE54-9A1E7A4F7556}") = "WebApp", "WebApp\WebApp.csproj", "{B022400D-E3A4-4862-920A-FAA8213BFE49}"
EndProject
Global
	GlobalSection(SolutionConfigurationPlatforms) = preSolution
		Debug|Any CPU = Debug|Any CPU
		Release|Any CPU = Release|Any CPU
	EndGlobalSection
	GlobalSection(ProjectConfigurationPlatforms) = postSolution
		{22967C5B-FDFC-4333-A9BA-4CCEAC421C67}.Debug|Any CPU.ActiveCfg = Debug|Any CPU
		{22967C5B-FDFC-4333-A9BA-4CCEAC421C67}.Debug|Any CPU.Build.0 = Debug|Any CPU
		{22967C5B-FDFC-4333-A9BA-4CCEAC421C67}.Release|Any CPU.ActiveCfg = Release|Any CPU
		{22967C5B-FDFC-4333-A9BA-4CCEAC421C67}.Release|Any CPU.Build.0 = Release|Any CPU
		{E1E68B25-69ED-4793-9A19-17BACF69CAB1}.Debug|Any CPU.ActiveCfg = Debug|Any CPU
		{E1E68B25-69ED-4793-9A19-17BACF69CAB1}.Debug|Any CPU.Build.0 = Debug|Any CPU
		{E1E68B25-69ED-4793-9A19-17BACF69CAB1}.Release|Any CPU.ActiveCfg = Release|Any CPU
		{E1E68B25-69ED-4793-9A19-17BACF69CAB1}.Release|Any CPU.Build.0 = Release|Any CPU
		{E2BDAACF-8012-46A3-954B-20FB686CF4F5}.Debug|Any CPU.ActiveCfg = Debug|Any CPU
		{E2BDAACF-8012-46A3-954B-20FB686CF4F5}.Debug|Any CPU.Build.0 = Debug|Any CPU
		{E2BDAACF-8012-46A3-954B-20FB686CF4F5}.Release|Any CPU.ActiveCfg = Release|Any CPU
		{E2BDAACF-8012-46A3-954B-20FB686CF4F5}.Release|Any CPU.Build.0 = Release|Any CPU
		{B022400D-E3A4-4862-920A-FAA8213BFE49}.Debug|Any CPU.ActiveCfg = Debug|Any CPU
		{B022400D-E3A4-4862-920A-FAA8213BFE49}.Debug|Any CPU.Build.0 = Debug|Any CPU
		{B022400D-E3A4-4862-920A-FAA8213BFE49}.Release|Any CPU.ActiveCfg = Release|Any CPU
		{B022400D-E3A4-4862-920A-FAA8213BFE49}.Release|Any CPU.Build.0 = Release|Any CPU
	EndGlobalSection
	GlobalSection(SolutionProperties) = preSolution
		HideSolutionNode = FALSE
	EndGlobalSection
	GlobalSection(ExtensibilityGlobals) = postSolution
		SolutionGuid = {D3E33987-093B-4571-9F4A-BB1C461E5A1B}
	EndGlobalSection
EndGlobal
